
Microsoft Visual Studio Solution File, Format Version 12.00
# Visual Studio Version 16
VisualStudioVersion = 16.0.31205.134
MinimumVisualStudioVersion = 10.0.40219.1
Project("{9A19103F-16F7-4668-BE54-9A1E7A4F7556}") = "MedicineTrackingSystem.Api", "MedicineTrackingSystem.Api\MedicineTrackingSystem.Api.csproj", "{39F6105E-835D-4C8C-AA87-9D7B6F559D87}"
EndProject
Project("{FAE04EC0-301F-11D3-BF4B-00C04F79EFBC}") = "MedicineTrackingSystem.Core", "MedicineTrackingSystem.Core\MedicineTrackingSystem.Core.csproj", "{D794FD16-0C40-4F82-832E-DB0BD6257E63}"
EndProject
Project("{FAE04EC0-301F-11D3-BF4B-00C04F79EFBC}") = "MedicineTrackingSystem.Infrastructure", "MedicineTrackingSystem.Infrastructure\MedicineTrackingSystem.Infrastructure.csproj", "{E8FC1BEF-BC8A-4512-A9F6-7619188C2976}"
EndProject
Project("{FAE04EC0-301F-11D3-BF4B-00C04F79EFBC}") = "MedicineTrackingSystem.Tests", "MedicineTrackingSystem.Tests\MedicineTrackingSystem.Tests.csproj", "{4B0B2B8D-428B-4573-8061-97D6854ACC5C}"
EndProject
Global
	GlobalSection(SolutionConfigurationPlatforms) = preSolution
		Debug|Any CPU = Debug|Any CPU
		Release|Any CPU = Release|Any CPU
	EndGlobalSection
	GlobalSection(ProjectConfigurationPlatforms) = postSolution
		{39F6105E-835D-4C8C-AA87-9D7B6F559D87}.Debug|Any CPU.ActiveCfg = Debug|Any CPU
		{39F6105E-835D-4C8C-AA87-9D7B6F559D87}.Debug|Any CPU.Build.0 = Debug|Any CPU
		{39F6105E-835D-4C8C-AA87-9D7B6F559D87}.Release|Any CPU.ActiveCfg = Release|Any CPU
		{39F6105E-835D-4C8C-AA87-9D7B6F559D87}.Release|Any CPU.Build.0 = Release|Any CPU
		{D794FD16-0C40-4F82-832E-DB0BD6257E63}.Debug|Any CPU.ActiveCfg = Debug|Any CPU
		{D794FD16-0C40-4F82-832E-DB0BD6257E63}.Debug|Any CPU.Build.0 = Debug|Any CPU
		{D794FD16-0C40-4F82-832E-DB0BD6257E63}.Release|Any CPU.ActiveCfg = Release|Any CPU
		{D794FD16-0C40-4F82-832E-DB0BD6257E63}.Release|Any CPU.Build.0 = Release|Any CPU
		{E8FC1BEF-BC8A-4512-A9F6-7619188C2976}.Debug|Any CPU.ActiveCfg = Debug|Any CPU
		{E8FC1BEF-BC8A-4512-A9F6-7619188C2976}.Debug|Any CPU.Build.0 = Debug|Any CPU
		{E8FC1BEF-BC8A-4512-A9F6-7619188C2976}.Release|Any CPU.ActiveCfg = Release|Any CPU
		{E8FC1BEF-BC8A-4512-A9F6-7619188C2976}.Release|Any CPU.Build.0 = Release|Any CPU
		{4B0B2B8D-428B-4573-8061-97D6854ACC5C}.Debug|Any CPU.ActiveCfg = Debug|Any CPU
		{4B0B2B8D-428B-4573-8061-97D6854ACC5C}.Debug|Any CPU.Build.0 = Debug|Any CPU
		{4B0B2B8D-428B-4573-8061-97D6854ACC5C}.Release|Any CPU.ActiveCfg = Release|Any CPU
		{4B0B2B8D-428B-4573-8061-97D6854ACC5C}.Release|Any CPU.Build.0 = Release|Any CPU
	EndGlobalSection
	GlobalSection(SolutionProperties) = preSolution
		HideSolutionNode = FALSE
	EndGlobalSection
	GlobalSection(ExtensibilityGlobals) = postSolution
		SolutionGuid = {5FC21238-F356-4348-8553-CBE2F92D669F}
	EndGlobalSection
EndGlobal
